github.com/Shopify/sarama v0.0.0-20180719133408-22114655baec h1:oywOukuvAS0kIRdqnaFhrMaKIZHgiV8zck9FdnKFkBo=
github.com/Shopify/sarama v0.0.0-20180719133408-22114655baec/go.mod h1:FVkBWblsNy7DGZRfXLU0O9RCGt5g3g3yEuWXgklEdEo=
github.com/beorn7/perks v0.0.0-20160804104726-4c0e84591b9a h1:BtpsbiV638WQZwhA98cEZw2BsbnQJrbd0BI7tsy0W1c=
github.com/beorn7/perks v0.0.0-20160804104726-4c0e84591b9a/go.mod h1:Dwedo/Wpr24TaqPxmxbtue+5NUziq4I4S80YR8gNf3Q=
github.com/cisco/bigmuddy-network-telemetry-proto v0.0.0-20170331103848-4419cd20fb73 h1:OY9Y8GC83ufUIYMbVbpXdSorShxgiRBp1gdcsBif/Po=
github.com/cisco/bigmuddy-network-telemetry-proto v0.0.0-20170331103848-4419cd20fb73/go.mod h1:KViqV52FNeJMIyfNFqQYxekPDAB12Kq/DSkoNjtE3kg=
github.com/davecgh/go-spew v1.1.1 h1:vj9j/u1bqnvCEfJOwUhtlOARqs3+rkHYY13jYWTU97c=
github.com/davecgh/go-spew v1.1.1/go.mod h1:J7Y8YcW2NihsgmVo/mv3lAwl/skON4iLHjSsI+c5H38=
github.com/dlintw/goconf v0.0.0-20120228082610-dcc070983490 h1:I8/Qu5NTaiXi1TsEYmTeLDUlf7u9pEdbG+azjDvx8Vg=
github.com/dlintw/goconf v0.0.0-20120228082610-dcc070983490/go.mod h1:jWlUIP63OLr0cV2FGN2IEzSFsMAe58if8rk/SAE0JRE=
github.com/eapache/go-resiliency v1.1.0 h1:1NtRmCAqadE2FN4ZcN6g90TP3uk8cg9rn9eNK2197aU=
github.com/eapache/go-resiliency v1.1.0/go.mod h1:kFI+JgMyC7bLPUVY133qvEBtVayf5mFgVsvEsIPBvNs=
github.com/eapache/go-xerial-snappy v0.0.0-20180703130627-040cc1a32f57 h1:a7ApRW6UdlZEHT8yq+LS1AcNLlg0HExVpQolhesA8Y4=
github.com/eapache/go-xerial-snappy v0.0.0-20180703130627-040cc1a32f57/go.mod h1:+020luEh2TKB4/GOp8oxxtq0Daoen/Cii55CzbTV6DU=
github.com/eapache/queue v0.0.0-20180227141424-093482f3f8ce h1:wgJIjAWDwKCWtv+sEEuBOizA9xBmlOoMsP3Cs9ZDxKk=
github.com/eapache/queue v0.0.0-20180227141424-093482f3f8ce/go.mod h1:6eCeP0CKFpHLu8blIFXhExK/dRa7WDZfr6jVFPTqq+I=
github.com/evalphobia/logrus_fluent v0.5.0 h1:RGw1FPYXP8NDajEvGusTpJP313N9i14E77F9R94pl7g=
github.com/evalphobia/logrus_fluent v0.5.0/go.mod h1:hasyj+CXm3BDP1YhFk/rnTcjlegyqvkokV9A25cQsaA=
github.com/fluent/fluent-logger-golang v0.0.0-20180420045249-90f0f0270701 h1:aSv1cygdIRu6xQ2fTJftBraeF/l1aATEfzUmEQzL94g=
github.com/fluent/fluent-logger-golang v0.0.0-20180420045249-90f0f0270701/go.mod h1:2/HCT/jTy78yGyeNGQLGQsjF3zzzAuy6Xlk6FCMV5eU=
github.com/golang/protobuf v1.1.0 h1:0iH4Ffd/meGoXqF2lSAhZHt8X+cPgkfn/cb6Cce5Vpc=
github.com/golang/protobuf v1.1.0/go.mod h1:6lQm79b+lXiMfvg/cZm0SGofjICqVBUtrP5yJMmIC1U=
github.com/golang/snappy v0.0.0-20160529050041-d9eb7a3d35ec h1:ZaSUjYC8aWT/om43c8YVz0SqjT8ABtqw7REbZGsCroE=
github.com/golang/snappy v0.0.0-20160529050041-d9eb7a3d35ec/go.mod h1:/XxbfmMg8lxefKM7IXC3fBNl/7bRcc72aCRzEWrmP2Q=
github.com/influxdata/influxdb v0.0.0-20180718194353-468497c11f25 h1:jjvOIWdcG2Fpw8ynexMZty3RNOTBfz3aginh14YOrtk=
github.com/influxdata/influxdb v0.0.0-20180718194353-468497c11f25/go.mod h1:qZna6X/4elxqT3yI9iZYdZrWWdeFOOprn86kgg4+IzY=
github.com/matttproud/golang_protobuf_extensions v1.0.0 h1:YNOwxxSJzSUARoD9KRZLzM9Y858MNGCOACTvCW9TSAc=
github.com/matttproud/golang_protobuf_extensions v1.0.0/go.mod h1:D8He9yQNgCq6Z5Ld7szi9bcBfOoFv/3dc6xSMkL2PC0=
github.com/openconfig/gnmi v0.0.0-20180620224109-3e9008957ea7 h1:XF5uaJfTfqi1R0xGkTULfSTHbnfXQM2yjdvzutCz+ec=
github.com/openconfig/gnmi v0.0.0-20180620224109-3e9008957ea7/go.mod h1:t+O9It+LKzfOAhKTT5O0ehDix+MTqbtT0T9t+7zzOvc=
github.com/philhofer/fwd v1.0.0 h1:UbZqGr5Y38ApvM/V/jEljVxwocdweyH+vmYvRPBnbqQ=
github.com/philhofer/fwd v1.0.0/go.mod h1:gk3iGcWd9+svBvR0sR+KPcfE+RNWozjowpeBVG3ZVNU=
github.com/pierrec/lz4 v2.0.2+incompatible h1:6spEXYEkGG74KeVRPzvSU0Fa3xO9DGO0bJcA6uIfwo8=
github.com/pierrec/lz4 v2.0.2+incompatible/go.mod h1:pdkljMzZIN41W+lC3N2tnIh5sFi+IEE17M5jbnwPHcY=
github.com/prometheus/client_golang v0.0.0-20180713201052-bcbbc08eb2dd h1:T6Y9DkTZlfcCB1qlrwQFCiAcLhTjmkjxW8EP3ZhV7Ts=
github.com/prometheus/client_golang v0.0.0-20180713201052-bcbbc08eb2dd/go.mod h1:7SWBe2y4D6OKWSNQJUaRYU/AaXPKyh/dDVn+NZz0KFw=
github.com/prometheus/client_model v0.0.0-20171117100541-99fa1f4be8e5 h1:cLL6NowurKLMfCeQy4tIeph12XNQWgANCNvdyrOYKV4=
github.com/prometheus/client_model v0.0.0-20171117100541-99fa1f4be8e5/go.mod h1:MbSGuTsp3dbXC40dX6PRTWyKYBIrTGTE9sqQNg2J8bo=
github.com/prometheus/common v0.0.0-20180312112859-e4aa40a9169a h1:JLXgXKi9RCmLk8DMn8+PCvN++iwpD3KptUbVvHBsKtU=
github.com/prometheus/common v0.0.0-20180312112859-e4aa40a9169a/go.mod h1:daVV7qP5qjZbuso7PdcryaAu0sAZbrN9i7WWcTMWvro=
github.com/prometheus/procfs v0.0.0-20180310141954-54d17b57dd7d h1:iF+U2tTdys559fmqt0MNaC8QLIJh1twxIIOylDGhswM=
github.com/prometheus/procfs v0.0.0-20180310141954-54d17b57dd7d/go.mod h1:c3At6R/oaqEKCNdg8wHV1ftS6bRYblBhIjjI8uT2IGk=
github.com/rcrowley/go-metrics v0.0.0-20180503174638-e2704e165165 h1:nkcn14uNmFEuGCb2mBZbBb24RdNRL08b/wb+xBOYpuk=
github.com/rcrowley/go-metrics v0.0.0-20180503174638-e2704e165165/go.mod h1:bCqnVzQkZxMG4s8nGwiZ5l3QUCyqpo9Y+/ZMZ9VjZe4=
github.com/sirupsen/logrus v0.0.0-20180712201618-92052687f8ec h1:5CSwqOHHmdbXJTu4BsYtAaBckHKQzanNv8QRpuPJ8tw=
github.com/sirupsen/logrus v0.0.0-20180712201618-92052687f8ec/go.mod h1:pMByvHTf9Beacp5x1UXfOR9xyW/9antXMhjMPG0dEzc=
github.com/tinylib/msgp v1.0.2 h1:DfdQrzQa7Yh2es9SuLkixqxuXS2SxsdYn0KbdrOGWD8=
github.com/tinylib/msgp v1.0.2/go.mod h1:+d+yLhGm8mzTaHzB+wgMYrodPfmZrzkirds8fDWklFE=
golang.org/x/crypto v0.0.0-20180319061731-c3a3ad6d03f7 h1:ryKu9k3oWWgQUTahNaa+lDY2fruNO/7fqQVKQfl0Vmc=
golang.org/x/crypto v0.0.0-20180319061731-c3a3ad6d03f7/go.mod h1:6SG95UA2DQfeDnfUPMdvaQW0Q7yPrPDi9nlGo2tz2b4=
golang.org/x/net v0.0.0-20180319151425-92b859f39abd h1:2sKGOpMUjIt+fJ/nFpDa8IAMMryxtVhHGq0ezUTczhU=
golang.org/x/net v0.0.0-20180319151425-92b859f39abd/go.mod h1:mL1N/T3taQHkDXs73rZJwtUhF3w3ftmwwsq0BUmARs4=
golang.org/x/sys v0.0.0-20180319153314-d8e400bc7db4 h1:anxQt+SXhc1OlQkU08HQ+Tw+uhVacLM7oL6RZsUgbCw=
golang.org/x/sys v0.0.0-20180319153314-d8e400bc7db4/go.mod h1:STP8DvDyc/dI5b8T5hshtkjS+E42TnysNCUPdjciGhY=
golang.org/x/text v0.3.0 h1:g61tztE5qeGQ89tm6NTjjM9VPIm088od1l6aSorWRWg=
golang.org/x/text v0.3.0/go.mod h1:NqM8EUOU14njkJ3fqMW+pc6Ldnwhi/IjpwHt7yyuwOQ=
google.golang.org/genproto v0.0.0-20180627194029-ff3583edef7d h1:6X4PYh39/Pjz7al8CnTTsk+jp3fG2KPpusrnwqzAW+M=
google.golang.org/genproto v0.0.0-20180627194029-ff3583edef7d/go.mod h1:JiN7NxoALGmiZfu7CAH4rXhgtRTLTxftemlI0sWmxmc=
google.golang.org/grpc v1.13.0 h1:bHIbVsCwmvbArgCJmLdgOdHFXlKqTOVjbibbS19cXHc=
google.golang.org/grpc v1.13.0/go.mod h1:yo6s7OP7yaDglbqo1J04qKzAhqBH6lvTonzMVmEdcZw=
gopkg.in/bsm/sarama-cluster.v2 v2.1.13 h1:UpT7E5dmKM/2phmg5Rs/jykHUrsjbzY5u9vhdhPUJQo=
gopkg.in/bsm/sarama-cluster.v2 v2.1.13/go.mod h1:PH+cn1N1hKueFCL+6Kz/HLj3ARW4Oop7WH3u0Ivp14w=
